hash: f058a900e3578aa117ac48c74b76f7099d82e21462c90c46a636cf6f54f9ed0d
updated: 2017-06-15T15:22:22.599252877+02:00
imports:
- name: github.com/op/go-logging
  version: 970db520ece77730c7e4724c61121037378659d9
- name: github.com/smartystreets/goconvey
  version: 9e8dc3f972df6c8fcc0375ef492c24d0bb204857
  subpackages:
  - convey
- name: github.com/urfave/cli
  version: cf33a9befefdd6c6ea1a236ab6d546e797a62cbf
- name: github.com/XANi/go-gitcli
  version: b063a6525a920161461ad87d6fdd5598ece6e68c
- name: github.com/XANi/go-gpgcli
  version: 535a9efec3cb50ace1d0fea52a515a876cf1b590
- name: github.com/XANi/go-yamlcfg
  version: 8135b9a83756d964925eda95868a5196e229df95
- name: goji.io
  version: 0d89ff54b2c18c9c4ba530e32496aef902d3c6cd
  subpackages:
  - internal
  - pat
  - pattern
- name: gopkg.in/unrolled/render.v1
  version: 526faf80cd4b305bb8134abea8d20d5ced74faa6
- name: gopkg.in/yaml.v1
  version: 9f9df34309c04878acc86042b16630b0f696e1de
- name: gopkg.in/yaml.v2
  version: a5b47d31c556af34a302ce5d659e6fea44d90de0
testImports: []
