hash: b74270b737185580ec046a9b5a9328018f6cd4d6b173b7f8b12f2545109f45d9
updated: 2017-01-04T23:44:26.500097226+01:00
imports:
- name: github.com/op/go-logging
  version: 970db520ece77730c7e4724c61121037378659d9
- name: github.com/smartystreets/goconvey
  version: 3c2572876754c4669ae7417b219f0b30a29b32c7
  subpackages:
  - convey
- name: github.com/XANi/go-gitcli
  version: 646ee2e1709d4cdd8e9b316da2a9b157df7f86d9
- name: github.com/XANi/go-gpgcli
  version: 535a9efec3cb50ace1d0fea52a515a876cf1b590
- name: github.com/XANi/go-yamlcfg
  version: 8135b9a83756d964925eda95868a5196e229df95
- name: goji.io
  version: 0d89ff54b2c18c9c4ba530e32496aef902d3c6cd
  subpackages:
  - internal
  - pat
  - pattern
- name: gopkg.in/unrolled/render.v1
  version: 526faf80cd4b305bb8134abea8d20d5ced74faa6
- name: gopkg.in/yaml.v1
  version: 9f9df34309c04878acc86042b16630b0f696e1de
- name: gopkg.in/yaml.v2
  version: a5b47d31c556af34a302ce5d659e6fea44d90de0
testImports: []
