github.com/XANi/go-gitcli v0.0.2 h1:4qocYe/jzAScvBDMXL5QfOFmU7UbdUB+VoxJqX8A3Yk=
github.com/XANi/go-gitcli v0.0.2/go.mod h1:W9DfDjp+8jS1kwkI72KAZteDOXvFID/h6Iu4Nlcm5nI=
github.com/XANi/go-gpgcli v0.0.0-20170104222322-535a9efec3cb h1:VHnoJfb9VgO11PXv8ZfI0Q0yNK3pt/BI9ZDEv28S6Sw=
github.com/XANi/go-gpgcli v0.0.0-20170104222322-535a9efec3cb/go.mod h1:YOygJ+zKRvheghN5WO1Azs/XlidVV19ODCVD3JGfM4s=
github.com/XANi/go-yamlcfg v0.0.1 h1:Ns0rFYg9jif9xRo9fy+Zqy+yerFbWQqWN74K6vs1o5c=
github.com/XANi/go-yamlcfg v0.0.1/go.mod h1:fIGI+gWgcNNsD8Lxn8ezLj/fOqh1OlRua26/7TqqMLI=
github.com/op/go-logging v0.0.0-20160315200505-970db520ece7 h1:lDH9UUVJtmYCjyT0CI4q8xvlXPxeZ0gYCVvWbmPlp88=
github.com/op/go-logging v0.0.0-20160315200505-970db520ece7/go.mod h1:HzydrMdWErDVzsI23lYNej1Htcns9BCg93Dk0bBINWk=
github.com/smartystreets/goconvey v1.6.3/go.mod h1:XDJAKZRPZ1CvBcN2aX5YOUTYGHki24fSF0Iv48Ibg0s=
github.com/urfave/cli v0.0.0-20170706194625-4b90d79a682b h1:FODadQeTjwaZzPJjfXdV7nEkc9uQMSYIr7mgczcDk7w=
github.com/urfave/cli v0.0.0-20170706194625-4b90d79a682b/go.mod h1:70zkFmudgCuE/ngEzBv17Jvp/497gISqfk5gWijbERA=
goji.io v2.0.0+incompatible h1:QY6NuzeDeRk+8Iby4IfuN/k0d82K+fDFslQF2I2f6AM=
goji.io v2.0.0+incompatible/go.mod h1:sbqFwrtqZACxLBTQcdgVjFh54yGVCvwq8+w49MVMMIk=
gopkg.in/unrolled/render.v1 v1.0.0-20170605155936-1442182abc1e h1:gaFlGmz2oZPc9k5rLaV20W7poNt3jo77gQ8m7ratNHQ=
gopkg.in/unrolled/render.v1 v1.0.0-20170605155936-1442182abc1e/go.mod h1:D8ZfMFuggVdNUNlNz/R8zVjPPHGyMxLuJPA+MSx8na0=
gopkg.in/yaml.v1 v1.0.0-20140924161607-9f9df34309c0 h1:POO/ycCATvegFmVuPpQzZFJ+pGZeX22Ufu6fibxDVjU=
gopkg.in/yaml.v1 v1.0.0-20140924161607-9f9df34309c0/go.mod h1:WDnlLJ4WF5VGsH/HVa3CI79GS0ol3YnhVnKP89i0kNg=
gopkg.in/yaml.v2 v2.0.0-20170712054546-1be3d31502d6/go.mod h1:JAlM8MvJe8wmxCU4Bli9HhUf9+ttbYbLASfIpnQbh74=
